Microsoft Visual Studio Solution File, Format Version 12.00
# Visual Studio Version 17
VisualStudioVersion = 17.6.33829.357
MinimumVisualStudioVersion = 10.0.40219.1
Project("{9A19103F-16F7-4668-BE54-9A1E7A4F7556}") = "TestThemes", "TestThemes\TestThemes.csproj", "{58BD0E02-6BFF-43F0-9B93-D3371E97794B}"
EndProject
Project("{9A19103F-16F7-4668-BE54-9A1E7A4F7556}") = "TestGenerics", "TestGenerics\TestGenerics.csproj", "{BDBB3D84-0268-43E2-BBC6-F5CA2068262E}"
EndProject
Project("{2150E333-8FDC-42A3-9474-1A3956D46DE8}") = "MLibTest", "MLibTest", "{8305C6D6-C5E9-48B1-BE93-6BAB0C772C6B}"
EndProject
Project("{2150E333-8FDC-42A3-9474-1A3956D46DE8}") = "Components", "Components", "{C69AB586-96F2-48A7-B2AA-8294DE1E1C4A}"
EndProject
Project("{9A19103F-16F7-4668-BE54-9A1E7A4F7556}") = "ServiceLocator", "Demo\MLibTest\Components\ServiceLocator\ServiceLocator.csproj", "{252126D1-E1D9-49C3-910B-FCF2266265EF}"
EndProject
Project("{9A19103F-16F7-4668-BE54-9A1E7A4F7556}") = "Settings", "Demo\MLibTest\Components\Settings\Settings\Settings.csproj", "{2807B493-CC2E-402E-901A-EB138698FEDC}"
EndProject
Project("{9A19103F-16F7-4668-BE54-9A1E7A4F7556}") = "SettingsModel", "Demo\MLibTest\Components\Settings\SettingsModel\SettingsModel.csproj", "{9B0BA841-5A2F-4ED3-A908-253DBCA70E77}"
EndProject
Project("{9A19103F-16F7-4668-BE54-9A1E7A4F7556}") = "UpDownDemoLib", "Demo\UpDownDemoLib\UpDownDemoLib.csproj", "{ED3A742D-4055-4DA2-BBCE-74E817B211BF}"
EndProject
Project("{2150E333-8FDC-42A3-9474-1A3956D46DE8}") = "Demo", "Demo", "{5FC97D08-2690-4233-B3D2-582FBD6CB6EB}"
EndProject
Project("{9A19103F-16F7-4668-BE54-9A1E7A4F7556}") = "NumericUpDownLib", "NumericUpDownLib\NumericUpDownLib.csproj", "{E542BEED-60F4-48B0-8AC6-24DBFC03B0C4}"
EndProject
Project("{9A19103F-16F7-4668-BE54-9A1E7A4F7556}") = "NUnitTestProject", "NUnitTestProject\NUnitTestProject.csproj", "{5A912DB5-3CE8-4871-B8C3-5EF95CC73FA5}"
EndProject
Project("{9A19103F-16F7-4668-BE54-9A1E7A4F7556}") = "NumericUpDownLib.Avalonia", "NumericUpDownLib.Avalonia\NumericUpDownLib.Avalonia.csproj", "{14DAC7F4-44D0-44F8-A603-BA10456825AD}"
EndProject
Project("{9A19103F-16F7-4668-BE54-9A1E7A4F7556}") = "TestTheme.Avalonia", "TestTheme.Avalonia\TestTheme.Avalonia.csproj", "{85A3F3D5-4DB0-458D-AC24-CBAAA9EE6CD9}"
EndProject
Project("{FAE04EC0-301F-11D3-BF4B-00C04F79EFBC}") = "NumericUpDownLib.WinUI", "NumericUpDownLib.WinUI\NumericUpDownLib.WinUI.csproj", "{5A9218F2-51F6-4A3A-8B9D-66ADD0DE47E9}"
EndProject
Project("{FAE04EC0-301F-11D3-BF4B-00C04F79EFBC}") = "NumericUpDownLib.WinUI.Demo", "NumericUpDownLib.WinUI.Demo\NumericUpDownLib.WinUI.Demo.csproj", "{BB1B4850-5958-4F3F-883C-674BEC26F3F3}"
EndProject
Global
	GlobalSection(SolutionConfigurationPlatforms) = preSolution
		Debug|Any CPU = Debug|Any CPU
		Debug|x64 = Debug|x64
		Debug|x86 = Debug|x86
		Release|Any CPU = Release|Any CPU
		Release|x64 = Release|x64
		Release|x86 = Release|x86
	EndGlobalSection
	GlobalSection(ProjectConfigurationPlatforms) = postSolution
		{58BD0E02-6BFF-43F0-9B93-D3371E97794B}.Debug|Any CPU.ActiveCfg = Debug|Any CPU
		{58BD0E02-6BFF-43F0-9B93-D3371E97794B}.Debug|Any CPU.Build.0 = Debug|Any CPU
		{58BD0E02-6BFF-43F0-9B93-D3371E97794B}.Debug|x64.ActiveCfg = Debug|x64
		{58BD0E02-6BFF-43F0-9B93-D3371E97794B}.Debug|x64.Build.0 = Debug|x64
		{58BD0E02-6BFF-43F0-9B93-D3371E97794B}.Debug|x86.ActiveCfg = Debug|x86
		{58BD0E02-6BFF-43F0-9B93-D3371E97794B}.Debug|x86.Build.0 = Debug|x86
		{58BD0E02-6BFF-43F0-9B93-D3371E97794B}.Release|Any CPU.ActiveCfg = Release|Any CPU
		{58BD0E02-6BFF-43F0-9B93-D3371E97794B}.Release|Any CPU.Build.0 = Release|Any CPU
		{58BD0E02-6BFF-43F0-9B93-D3371E97794B}.Release|x64.ActiveCfg = Release|x64
		{58BD0E02-6BFF-43F0-9B93-D3371E97794B}.Release|x64.Build.0 = Release|x64
		{58BD0E02-6BFF-43F0-9B93-D3371E97794B}.Release|x86.ActiveCfg = Release|x86
		{58BD0E02-6BFF-43F0-9B93-D3371E97794B}.Release|x86.Build.0 = Release|x86
		{BDBB3D84-0268-43E2-BBC6-F5CA2068262E}.Debug|Any CPU.ActiveCfg = Debug|Any CPU
		{BDBB3D84-0268-43E2-BBC6-F5CA2068262E}.Debug|Any CPU.Build.0 = Debug|Any CPU
		{BDBB3D84-0268-43E2-BBC6-F5CA2068262E}.Debug|x64.ActiveCfg = Debug|Any CPU
		{BDBB3D84-0268-43E2-BBC6-F5CA2068262E}.Debug|x64.Build.0 = Debug|Any CPU
		{BDBB3D84-0268-43E2-BBC6-F5CA2068262E}.Debug|x86.ActiveCfg = Debug|Any CPU
		{BDBB3D84-0268-43E2-BBC6-F5CA2068262E}.Debug|x86.Build.0 = Debug|Any CPU
		{BDBB3D84-0268-43E2-BBC6-F5CA2068262E}.Release|Any CPU.ActiveCfg = Release|Any CPU
		{BDBB3D84-0268-43E2-BBC6-F5CA2068262E}.Release|Any CPU.Build.0 = Release|Any CPU
		{BDBB3D84-0268-43E2-BBC6-F5CA2068262E}.Release|x64.ActiveCfg = Release|Any CPU
		{BDBB3D84-0268-43E2-BBC6-F5CA2068262E}.Release|x64.Build.0 = Release|Any CPU
		{BDBB3D84-0268-43E2-BBC6-F5CA2068262E}.Release|x86.ActiveCfg = Release|Any CPU
		{BDBB3D84-0268-43E2-BBC6-F5CA2068262E}.Release|x86.Build.0 = Release|Any CPU
		{252126D1-E1D9-49C3-910B-FCF2266265EF}.Debug|Any CPU.ActiveCfg = Debug|Any CPU
		{252126D1-E1D9-49C3-910B-FCF2266265EF}.Debug|Any CPU.Build.0 = Debug|Any CPU
		{252126D1-E1D9-49C3-910B-FCF2266265EF}.Debug|x64.ActiveCfg = Debug|x64
		{252126D1-E1D9-49C3-910B-FCF2266265EF}.Debug|x64.Build.0 = Debug|x64
		{252126D1-E1D9-49C3-910B-FCF2266265EF}.Debug|x86.ActiveCfg = Debug|x86
		{252126D1-E1D9-49C3-910B-FCF2266265EF}.Debug|x86.Build.0 = Debug|x86
		{252126D1-E1D9-49C3-910B-FCF2266265EF}.Release|Any CPU.ActiveCfg = Release|Any CPU
		{252126D1-E1D9-49C3-910B-FCF2266265EF}.Release|Any CPU.Build.0 = Release|Any CPU
		{252126D1-E1D9-49C3-910B-FCF2266265EF}.Release|x64.ActiveCfg = Release|x64
		{252126D1-E1D9-49C3-910B-FCF2266265EF}.Release|x64.Build.0 = Release|x64
		{252126D1-E1D9-49C3-910B-FCF2266265EF}.Release|x86.ActiveCfg = Release|x86
		{252126D1-E1D9-49C3-910B-FCF2266265EF}.Release|x86.Build.0 = Release|x86
		{2807B493-CC2E-402E-901A-EB138698FEDC}.Debug|Any CPU.ActiveCfg = Debug|Any CPU
		{2807B493-CC2E-402E-901A-EB138698FEDC}.Debug|Any CPU.Build.0 = Debug|Any CPU
		{2807B493-CC2E-402E-901A-EB138698FEDC}.Debug|x64.ActiveCfg = Debug|x64
		{2807B493-CC2E-402E-901A-EB138698FEDC}.Debug|x64.Build.0 = Debug|x64
		{2807B493-CC2E-402E-901A-EB138698FEDC}.Debug|x86.ActiveCfg = Debug|x86
		{2807B493-CC2E-402E-901A-EB138698FEDC}.Debug|x86.Build.0 = Debug|x86
		{2807B493-CC2E-402E-901A-EB138698FEDC}.Release|Any CPU.ActiveCfg = Release|Any CPU
		{2807B493-CC2E-402E-901A-EB138698FEDC}.Release|Any CPU.Build.0 = Release|Any CPU
		{2807B493-CC2E-402E-901A-EB138698FEDC}.Release|x64.ActiveCfg = Release|x64
		{2807B493-CC2E-402E-901A-EB138698FEDC}.Release|x64.Build.0 = Release|x64
		{2807B493-CC2E-402E-901A-EB138698FEDC}.Release|x86.ActiveCfg = Release|x86
		{2807B493-CC2E-402E-901A-EB138698FEDC}.Release|x86.Build.0 = Release|x86
		{9B0BA841-5A2F-4ED3-A908-253DBCA70E77}.Debug|Any CPU.ActiveCfg = Debug|Any CPU
		{9B0BA841-5A2F-4ED3-A908-253DBCA70E77}.Debug|Any CPU.Build.0 = Debug|Any CPU
		{9B0BA841-5A2F-4ED3-A908-253DBCA70E77}.Debug|x64.ActiveCfg = Debug|x64
		{9B0BA841-5A2F-4ED3-A908-253DBCA70E77}.Debug|x64.Build.0 = Debug|x64
		{9B0BA841-5A2F-4ED3-A908-253DBCA70E77}.Debug|x86.ActiveCfg = Debug|x86
		{9B0BA841-5A2F-4ED3-A908-253DBCA70E77}.Debug|x86.Build.0 = Debug|x86
		{9B0BA841-5A2F-4ED3-A908-253DBCA70E77}.Release|Any CPU.ActiveCfg = Release|Any CPU
		{9B0BA841-5A2F-4ED3-A908-253DBCA70E77}.Release|Any CPU.Build.0 = Release|Any CPU
		{9B0BA841-5A2F-4ED3-A908-253DBCA70E77}.Release|x64.ActiveCfg = Release|x64
		{9B0BA841-5A2F-4ED3-A908-253DBCA70E77}.Release|x64.Build.0 = Release|x64
		{9B0BA841-5A2F-4ED3-A908-253DBCA70E77}.Release|x86.ActiveCfg = Release|x86
		{9B0BA841-5A2F-4ED3-A908-253DBCA70E77}.Release|x86.Build.0 = Release|x86
		{ED3A742D-4055-4DA2-BBCE-74E817B211BF}.Debug|Any CPU.ActiveCfg = Debug|Any CPU
		{ED3A742D-4055-4DA2-BBCE-74E817B211BF}.Debug|Any CPU.Build.0 = Debug|Any CPU
		{ED3A742D-4055-4DA2-BBCE-74E817B211BF}.Debug|x64.ActiveCfg = Debug|Any CPU
		{ED3A742D-4055-4DA2-BBCE-74E817B211BF}.Debug|x64.Build.0 = Debug|Any CPU
		{ED3A742D-4055-4DA2-BBCE-74E817B211BF}.Debug|x86.ActiveCfg = Debug|Any CPU
		{ED3A742D-4055-4DA2-BBCE-74E817B211BF}.Debug|x86.Build.0 = Debug|Any CPU
		{ED3A742D-4055-4DA2-BBCE-74E817B211BF}.Release|Any CPU.ActiveCfg = Release|Any CPU
		{ED3A742D-4055-4DA2-BBCE-74E817B211BF}.Release|Any CPU.Build.0 = Release|Any CPU
		{ED3A742D-4055-4DA2-BBCE-74E817B211BF}.Release|x64.ActiveCfg = Release|Any CPU
		{ED3A742D-4055-4DA2-BBCE-74E817B211BF}.Release|x64.Build.0 = Release|Any CPU
		{ED3A742D-4055-4DA2-BBCE-74E817B211BF}.Release|x86.ActiveCfg = Release|Any CPU
		{ED3A742D-4055-4DA2-BBCE-74E817B211BF}.Release|x86.Build.0 = Release|Any CPU
		{E542BEED-60F4-48B0-8AC6-24DBFC03B0C4}.Debug|Any CPU.ActiveCfg = Debug|Any CPU
		{E542BEED-60F4-48B0-8AC6-24DBFC03B0C4}.Debug|Any CPU.Build.0 = Debug|Any CPU
		{E542BEED-60F4-48B0-8AC6-24DBFC03B0C4}.Debug|x64.ActiveCfg = Debug|Any CPU
		{E542BEED-60F4-48B0-8AC6-24DBFC03B0C4}.Debug|x64.Build.0 = Debug|Any CPU
		{E542BEED-60F4-48B0-8AC6-24DBFC03B0C4}.Debug|x86.ActiveCfg = Debug|Any CPU
		{E542BEED-60F4-48B0-8AC6-24DBFC03B0C4}.Debug|x86.Build.0 = Debug|Any CPU
		{E542BEED-60F4-48B0-8AC6-24DBFC03B0C4}.Release|Any CPU.ActiveCfg = Release|Any CPU
		{E542BEED-60F4-48B0-8AC6-24DBFC03B0C4}.Release|Any CPU.Build.0 = Release|Any CPU
		{E542BEED-60F4-48B0-8AC6-24DBFC03B0C4}.Release|x64.ActiveCfg = Release|Any CPU
		{E542BEED-60F4-48B0-8AC6-24DBFC03B0C4}.Release|x64.Build.0 = Release|Any CPU
		{E542BEED-60F4-48B0-8AC6-24DBFC03B0C4}.Release|x86.ActiveCfg = Release|Any CPU
		{E542BEED-60F4-48B0-8AC6-24DBFC03B0C4}.Release|x86.Build.0 = Release|Any CPU
		{5A912DB5-3CE8-4871-B8C3-5EF95CC73FA5}.Debug|Any CPU.ActiveCfg = Debug|Any CPU
		{5A912DB5-3CE8-4871-B8C3-5EF95CC73FA5}.Debug|Any CPU.Build.0 = Debug|Any CPU
		{5A912DB5-3CE8-4871-B8C3-5EF95CC73FA5}.Debug|x64.ActiveCfg = Debug|Any CPU
		{5A912DB5-3CE8-4871-B8C3-5EF95CC73FA5}.Debug|x64.Build.0 = Debug|Any CPU
		{5A912DB5-3CE8-4871-B8C3-5EF95CC73FA5}.Debug|x86.ActiveCfg = Debug|Any CPU
		{5A912DB5-3CE8-4871-B8C3-5EF95CC73FA5}.Debug|x86.Build.0 = Debug|Any CPU
		{5A912DB5-3CE8-4871-B8C3-5EF95CC73FA5}.Release|Any CPU.ActiveCfg = Release|Any CPU
		{5A912DB5-3CE8-4871-B8C3-5EF95CC73FA5}.Release|Any CPU.Build.0 = Release|Any CPU
		{5A912DB5-3CE8-4871-B8C3-5EF95CC73FA5}.Release|x64.ActiveCfg = Release|Any CPU
		{5A912DB5-3CE8-4871-B8C3-5EF95CC73FA5}.Release|x64.Build.0 = Release|Any CPU
		{5A912DB5-3CE8-4871-B8C3-5EF95CC73FA5}.Release|x86.ActiveCfg = Release|Any CPU
		{5A912DB5-3CE8-4871-B8C3-5EF95CC73FA5}.Release|x86.Build.0 = Release|Any CPU
		{14DAC7F4-44D0-44F8-A603-BA10456825AD}.Debug|Any CPU.ActiveCfg = Debug|Any CPU
		{14DAC7F4-44D0-44F8-A603-BA10456825AD}.Debug|Any CPU.Build.0 = Debug|Any CPU
		{14DAC7F4-44D0-44F8-A603-BA10456825AD}.Debug|x64.ActiveCfg = Debug|Any CPU
		{14DAC7F4-44D0-44F8-A603-BA10456825AD}.Debug|x64.Build.0 = Debug|Any CPU
		{14DAC7F4-44D0-44F8-A603-BA10456825AD}.Debug|x86.ActiveCfg = Debug|Any CPU
		{14DAC7F4-44D0-44F8-A603-BA10456825AD}.Debug|x86.Build.0 = Debug|Any CPU
		{14DAC7F4-44D0-44F8-A603-BA10456825AD}.Release|Any CPU.ActiveCfg = Release|Any CPU
		{14DAC7F4-44D0-44F8-A603-BA10456825AD}.Release|Any CPU.Build.0 = Release|Any CPU
		{14DAC7F4-44D0-44F8-A603-BA10456825AD}.Release|x64.ActiveCfg = Release|Any CPU
		{14DAC7F4-44D0-44F8-A603-BA10456825AD}.Release|x64.Build.0 = Release|Any CPU
		{14DAC7F4-44D0-44F8-A603-BA10456825AD}.Release|x86.ActiveCfg = Release|Any CPU
		{14DAC7F4-44D0-44F8-A603-BA10456825AD}.Release|x86.Build.0 = Release|Any CPU
		{85A3F3D5-4DB0-458D-AC24-CBAAA9EE6CD9}.Debug|Any CPU.ActiveCfg = Debug|Any CPU
		{85A3F3D5-4DB0-458D-AC24-CBAAA9EE6CD9}.Debug|Any CPU.Build.0 = Debug|Any CPU
		{85A3F3D5-4DB0-458D-AC24-CBAAA9EE6CD9}.Debug|x64.ActiveCfg = Debug|Any CPU
		{85A3F3D5-4DB0-458D-AC24-CBAAA9EE6CD9}.Debug|x64.Build.0 = Debug|Any CPU
		{85A3F3D5-4DB0-458D-AC24-CBAAA9EE6CD9}.Debug|x86.ActiveCfg = Debug|Any CPU
		{85A3F3D5-4DB0-458D-AC24-CBAAA9EE6CD9}.Debug|x86.Build.0 = Debug|Any CPU
		{85A3F3D5-4DB0-458D-AC24-CBAAA9EE6CD9}.Release|Any CPU.ActiveCfg = Release|Any CPU
		{85A3F3D5-4DB0-458D-AC24-CBAAA9EE6CD9}.Release|Any CPU.Build.0 = Release|Any CPU
		{85A3F3D5-4DB0-458D-AC24-CBAAA9EE6CD9}.Release|x64.ActiveCfg = Release|Any CPU
		{85A3F3D5-4DB0-458D-AC24-CBAAA9EE6CD9}.Release|x64.Build.0 = Release|Any CPU
		{85A3F3D5-4DB0-458D-AC24-CBAAA9EE6CD9}.Release|x86.ActiveCfg = Release|Any CPU
		{85A3F3D5-4DB0-458D-AC24-CBAAA9EE6CD9}.Release|x86.Build.0 = Release|Any CPU
		{5A9218F2-51F6-4A3A-8B9D-66ADD0DE47E9}.Debug|Any CPU.ActiveCfg = Debug|Any CPU
		{5A9218F2-51F6-4A3A-8B9D-66ADD0DE47E9}.Debug|Any CPU.Build.0 = Debug|Any CPU
		{5A9218F2-51F6-4A3A-8B9D-66ADD0DE47E9}.Debug|x64.ActiveCfg = Debug|Any CPU
		{5A9218F2-51F6-4A3A-8B9D-66ADD0DE47E9}.Debug|x64.Build.0 = Debug|Any CPU
		{5A9218F2-51F6-4A3A-8B9D-66ADD0DE47E9}.Debug|x86.ActiveCfg = Debug|Any CPU
		{5A9218F2-51F6-4A3A-8B9D-66ADD0DE47E9}.Debug|x86.Build.0 = Debug|Any CPU
		{5A9218F2-51F6-4A3A-8B9D-66ADD0DE47E9}.Release|Any CPU.ActiveCfg = Release|Any CPU
		{5A9218F2-51F6-4A3A-8B9D-66ADD0DE47E9}.Release|Any CPU.Build.0 = Release|Any CPU
		{5A9218F2-51F6-4A3A-8B9D-66ADD0DE47E9}.Release|x64.ActiveCfg = Release|Any CPU
		{5A9218F2-51F6-4A3A-8B9D-66ADD0DE47E9}.Release|x64.Build.0 = Release|Any CPU
		{5A9218F2-51F6-4A3A-8B9D-66ADD0DE47E9}.Release|x86.ActiveCfg = Release|Any CPU
		{5A9218F2-51F6-4A3A-8B9D-66ADD0DE47E9}.Release|x86.Build.0 = Release|Any CPU
		{BB1B4850-5958-4F3F-883C-674BEC26F3F3}.Debug|Any CPU.ActiveCfg = Debug|x64
		{BB1B4850-5958-4F3F-883C-674BEC26F3F3}.Debug|Any CPU.Build.0 = Debug|x64
		{BB1B4850-5958-4F3F-883C-674BEC26F3F3}.Debug|x64.ActiveCfg = Debug|x64
		{BB1B4850-5958-4F3F-883C-674BEC26F3F3}.Debug|x64.Build.0 = Debug|x64
		{BB1B4850-5958-4F3F-883C-674BEC26F3F3}.Debug|x86.ActiveCfg = Debug|x64
		{BB1B4850-5958-4F3F-883C-674BEC26F3F3}.Debug|x86.Build.0 = Debug|x64
		{BB1B4850-5958-4F3F-883C-674BEC26F3F3}.Release|Any CPU.ActiveCfg = Release|x64
		{BB1B4850-5958-4F3F-883C-674BEC26F3F3}.Release|Any CPU.Build.0 = Release|x64
		{BB1B4850-5958-4F3F-883C-674BEC26F3F3}.Release|x64.ActiveCfg = Release|x64
		{BB1B4850-5958-4F3F-883C-674BEC26F3F3}.Release|x64.Build.0 = Release|x64
		{BB1B4850-5958-4F3F-883C-674BEC26F3F3}.Release|x86.ActiveCfg = Release|x64
		{BB1B4850-5958-4F3F-883C-674BEC26F3F3}.Release|x86.Build.0 = Release|x64
	EndGlobalSection
	GlobalSection(SolutionProperties) = preSolution
		HideSolutionNode = FALSE
	EndGlobalSection
	GlobalSection(NestedProjects) = preSolution
		{8305C6D6-C5E9-48B1-BE93-6BAB0C772C6B} = {5FC97D08-2690-4233-B3D2-582FBD6CB6EB}
		{C69AB586-96F2-48A7-B2AA-8294DE1E1C4A} = {8305C6D6-C5E9-48B1-BE93-6BAB0C772C6B}
		{252126D1-E1D9-49C3-910B-FCF2266265EF} = {C69AB586-96F2-48A7-B2AA-8294DE1E1C4A}
		{2807B493-CC2E-402E-901A-EB138698FEDC} = {C69AB586-96F2-48A7-B2AA-8294DE1E1C4A}
		{9B0BA841-5A2F-4ED3-A908-253DBCA70E77} = {C69AB586-96F2-48A7-B2AA-8294DE1E1C4A}
		{ED3A742D-4055-4DA2-BBCE-74E817B211BF} = {5FC97D08-2690-4233-B3D2-582FBD6CB6EB}
	EndGlobalSection
	GlobalSection(ExtensibilityGlobals) = postSolution
		SolutionGuid = {FC14037A-1CE9-4A5C-87FB-E7B8EC3F08D6}
	EndGlobalSection
EndGlobal
